// !$*UTF8*$!
{
	archiveVersion = 1;
	classes = {
	};
	objectVersion = 77;
	objects = {

/* Begin PBXContainerItemProxy section */
		996BC1462F0DF07A00C4A68C /* PBXContainerItemProxy */ = {
			isa = PBXContainerItemProxy;
			containerPortal = 996BC1302F0DF07900C4A68C /* Project object */;
			proxyType = 1;
			remoteGlobalIDString = 996BC1372F0DF07900C4A68C;
			remoteInfo = "Flashcard App 1";
		};
		996BC1502F0DF07A00C4A68C /* PBXContainerItemProxy */ = {
			isa = PBXContainerItemProxy;
			containerPortal = 996BC1302F0DF07900C4A68C /* Project object */;
			proxyType = 1;
			remoteGlobalIDString = 996BC1372F0DF07900C4A68C;
			remoteInfo = "Flashcard App 1";
		};
/* End PBXContainerItemProxy section */

/* Begin PBXFileReference section */
		996BC1382F0DF07900C4A68C /* Flashcard App 1.app */ = {isa = PBXFileReference; explicitFileType = wrapper.application; includeInIndex = 0; path = "Flashcard App 1.app"; sourceTree = BUILT_PRODUCTS_DIR; };
		996BC1452F0DF07A00C4A68C /* Flashcard App 1Tests.xctest */ = {isa = PBXFileReference; explicitFileType = wrapper.cfbundle; includeInIndex = 0; path = "Flashcard App 1Tests.xctest"; sourceTree = BUILT_PRODUCTS_DIR; };
		996BC14F2F0DF07A00C4A68C /* Flashcard App 1UITests.xctest */ = {isa = PBXFileReference; explicitFileType = wrapper.cfbundle; includeInIndex = 0; path = "Flashcard App 1UITests.xctest"; sourceTree = BUILT_PRODUCTS_DIR; };
/* End PBXFileReference section */

/* Begin PBXFileSystemSynchronizedRootGroup section */
		996BC13A2F0DF07900C4A68C /* Flashcard App 1 */ = {
			isa = PBXFileSystemSynchronizedRootGroup;
			path = "Flashcard App 1";
			sourceTree = "<group>";
		};
		996BC1482F0DF07A00C4A68C /* Flashcard App 1Tests */ = {
			isa = PBXFileSystemSynchronizedRootGroup;
			path = "Flashcard App 1Tests";
			sourceTree = "<group>";
		};
		996BC1522F0DF07A00C4A68C /* Flashcard App 1UITests */ = {
			isa = PBXFileSystemSynchronizedRootGroup;
			path = "Flashcard App 1UITests";
			sourceTree = "<group>";
		};
/* End PBXFileSystemSynchronizedRootGroup section */

/* Begin PBXFrameworksBuildPhase section */
		996BC1352F0DF07900C4A68C /* Frameworks */ = {
			isa = PBXFrameworksBuildPhase;
			buildActionMask = 2147483647;
			files = (
			);
			runOnlyForDeploymentPostprocessing = 0;
		};
		996BC1422F0DF07A00C4A68C /* Frameworks */ = {
			isa = PBXFrameworksBuildPhase;
			buildActionMask = 2147483647;
			files = (
			);
			runOnlyForDeploymentPostprocessing = 0;
		};
		996BC14C2F0DF07A00C4A68C /* Frameworks */ = {
			isa = PBXFrameworksBuildPhase;
			buildActionMask = 2147483647;
			files = (
			);
			runOnlyForDeploymentPostprocessing = 0;
		};
/* End PBXFrameworksBuildPhase section */

/* Begin PBXGroup section */
		996BC12F2F0DF07900C4A68C = {
			isa = PBXGroup;
			children = (
				996BC13A2F0DF07900C4A68C /* Flashcard App 1 */,
				996BC1482F0DF07A00C4A68C /* Flashcard App 1Tests */,
				996BC1522F0DF07A00C4A68C /* Flashcard App 1UITests */,
				996BC1392F0DF07900C4A68C /* Products */,
			);
			sourceTree = "<group>";
		};
		996BC1392F0DF07900C4A68C /* Products */ = {
			isa = PBXGroup;
			children = (
				996BC1382F0DF07900C4A68C /* Flashcard App 1.app */,
				996BC1452F0DF07A00C4A68C /* Flashcard App 1Tests.xctest */,
				996BC14F2F0DF07A00C4A68C /* Flashcard App 1UITests.xctest */,
			);
			name = Products;
			sourceTree = "<group>";
		};
/* End PBXGroup section */

/* Begin PBXNativeTarget section */
		996BC1372F0DF07900C4A68C /* Flashcard App 1 */ = {
			isa = PBXNativeTarget;
			buildConfigurationList = 996BC1592F0DF07A00C4A68C /* Build configuration list for PBXNativeTarget "Flashcard App 1" */;
			buildPhases = (
				996BC1342F0DF07900C4A68C /* Sources */,
				996BC1352F0DF07900C4A68C /* Frameworks */,
				996BC1362F0DF07900C4A68C /* Resources */,
			);
			buildRules = (
			);
			dependencies = (
			);
			fileSystemSynchronizedGroups = (
				996BC13A2F0DF07900C4A68C /* Flashcard App 1 */,
			);
			name = "Flashcard App 1";
			packageProductDependencies = (
			);
			productName = "Flashcard App 1";
			productReference = 996BC1382F0DF07900C4A68C /* Flashcard App 1.app */;
			productType = "com.apple.product-type.application";
		};
		996BC1442F0DF07A00C4A68C /* Flashcard App 1Tests */ = {
			isa = PBXNativeTarget;
			buildConfigurationList = 996BC15C2F0DF07A00C4A68C /* Build configuration list for PBXNativeTarget "Flashcard App 1Tests" */;
			buildPhases = (
				996BC1412F0DF07A00C4A68C /* Sources */,
				996BC1422F0DF07A00C4A68C /* Frameworks */,
				996BC1432F0DF07A00C4A68C /* Resources */,
			);
			buildRules = (
			);
			dependencies = (
				996BC1472F0DF07A00C4A68C /* PBXTargetDependency */,
			);
			fileSystemSynchronizedGroups = (
				996BC1482F0DF07A00C4A68C /* Flashcard App 1Tests */,
			);
			name = "Flashcard App 1Tests";
			packageProductDependencies = (
			);
			productName = "Flashcard App 1Tests";
			productReference = 996BC1452F0DF07A00C4A68C /* Flashcard App 1Tests.xctest */;
			productType = "com.apple.product-type.bundle.unit-test";
		};
		996BC14E2F0DF07A00C4A68C /* Flashcard App 1UITests */ = {
			isa = PBXNativeTarget;
			buildConfigurationList = 996BC15F2F0DF07A00C4A68C /* Build configuration list for PBXNativeTarget "Flashcard App 1UITests" */;
			buildPhases = (
				996BC14B2F0DF07A00C4A68C /* Sources */,
				996BC14C2F0DF07A00C4A68C /* Frameworks */,
				996BC14D2F0DF07A00C4A68C /* Resources */,
			);
			buildRules = (
			);
			dependencies = (
				996BC1512F0DF07A00C4A68C /* PBXTargetDependency */,
			);
			fileSystemSynchronizedGroups = (
				996BC1522F0DF07A00C4A68C /* Flashcard App 1UITests */,
			);
			name = "Flashcard App 1UITests";
			packageProductDependencies = (
			);
			productName = "Flashcard App 1UITests";
			productReference = 996BC14F2F0DF07A00C4A68C /* Flashcard App 1UITests.xctest */;
			productType = "com.apple.product-type.bundle.ui-testing";
		};
/* End PBXNativeTarget section */

/* Begin PBXProject section */
		996BC1302F0DF07900C4A68C /* Project object */ = {
			isa = PBXProject;
			attributes = {
				BuildIndependentTargetsInParallel = 1;
				LastSwiftUpdateCheck = 1640;
				LastUpgradeCheck = 1640;
				TargetAttributes = {
					996BC1372F0DF07900C4A68C = {
						CreatedOnToolsVersion = 16.4;
					};
					996BC1442F0DF07A00C4A68C = {
						CreatedOnToolsVersion = 16.4;
						TestTargetID = 996BC1372F0DF07900C4A68C;
					};
					996BC14E2F0DF07A00C4A68C = {
						CreatedOnToolsVersion = 16.4;
						TestTargetID = 996BC1372F0DF07900C4A68C;
					};
				};
			};
			buildConfigurationList = 996BC1332F0DF07900C4A68C /* Build configuration list for PBXProject "Flashcard App 1" */;
			developmentRegion = en;
			hasScannedForEncodings = 0;
			knownRegions = (
				en,
				Base,
			);
			mainGroup = 996BC12F2F0DF07900C4A68C;
			minimizedProjectReferenceProxies = 1;
			preferredProjectObjectVersion = 77;
			productRefGroup = 996BC1392F0DF07900C4A68C /* Products */;
			projectDirPath = "";
			projectRoot = "";
			targets = (
				996BC1372F0DF07900C4A68C /* Flashcard App 1 */,
				996BC1442F0DF07A00C4A68C /* Flashcard App 1Tests */,
				996BC14E2F0DF07A00C4A68C /* Flashcard App 1UITests */,
			);
		};
/* End PBXProject section */

/* Begin PBXResourcesBuildPhase section */
		996BC1362F0DF07900C4A68C /* Resources */ = {
			isa = PBXResourcesBuildPhase;
			buildActionMask = 2147483647;
			files = (
			);
			runOnlyForDeploymentPostprocessing = 0;
		};
		996BC1432F0DF07A00C4A68C /* Resources */ = {
			isa = PBXResourcesBuildPhase;
			buildActionMask = 2147483647;
			files = (
			);
			runOnlyForDeploymentPostprocessing = 0;
		};
		996BC14D2F0DF07A00C4A68C /* Resources */ = {
			isa = PBXResourcesBuildPhase;
			buildActionMask = 2147483647;
			files = (
			);
			runOnlyForDeploymentPostprocessing = 0;
		};
/* End PBXResourcesBuildPhase section */

/* Begin PBXSourcesBuildPhase section */
		996BC1342F0DF07900C4A68C /* Sources */ = {
			isa = PBXSourcesBuildPhase;
			buildActionMask = 2147483647;
			files = (
			);
			runOnlyForDeploymentPostprocessing = 0;
		};
		996BC1412F0DF07A00C4A68C /* Sources */ = {
			isa = PBXSourcesBuildPhase;
			buildActionMask = 2147483647;
			files = (
			);
			runOnlyForDeploymentPostprocessing = 0;
		};
		996BC14B2F0DF07A00C4A68C /* Sources */ = {
			isa = PBXSourcesBuildPhase;
			buildActionMask = 2147483647;
			files = (
			);
			runOnlyForDeploymentPostprocessing = 0;
		};
/* End PBXSourcesBuildPhase section */

/* Begin PBXTargetDependency section */
		996BC1472F0DF07A00C4A68C /* PBXTargetDependency */ = {
			isa = PBXTargetDependency;
			target = 996BC1372F0DF07900C4A68C /* Flashcard App 1 */;
			targetProxy = 996BC1462F0DF07A00C4A68C /* PBXContainerItemProxy */;
		};
		996BC1512F0DF07A00C4A68C /* PBXTargetDependency */ = {
			isa = PBXTargetDependency;
			target = 996BC1372F0DF07900C4A68C /* Flashcard App 1 */;
			targetProxy = 996BC1502F0DF07A00C4A68C /* PBXContainerItemProxy */;
		};
/* End PBXTargetDependency section */

/* Begin XCBuildConfiguration section */
		996BC1572F0DF07A00C4A68C /* Debug */ = {
			isa = XCBuildConfiguration;
			buildSettings = {
				ALWAYS_SEARCH_USER_PATHS = NO;
				ASSETCATALOG_COMPILER_GENERATE_SWIFT_ASSET_SYMBOL_EXTENSIONS = YES;
				CLANG_ANALYZER_NONNULL = YES;
				CLANG_ANALYZER_NUMBER_OBJECT_CONVERSION = YES_AGGRESSIVE;
				CLANG_CXX_LANGUAGE_STANDARD = "gnu++20";
				CLANG_ENABLE_MODULES = YES;
				CLANG_ENABLE_OBJC_ARC = YES;
				CLANG_ENABLE_OBJC_WEAK = YES;
				CLANG_WARN_BLOCK_CAPTURE_AUTORELEASING = YES;
				CLANG_WARN_BOOL_CONVERSION = YES;
				CLANG_WARN_COMMA = YES;
				CLANG_WARN_CONSTANT_CONVERSION = YES;
				CLANG_WARN_DEPRECATED_OBJC_IMPLEMENTATIONS = YES;
				CLANG_WARN_DIRECT_OBJC_ISA_USAGE = YES_ERROR;
				CLANG_WARN_DOCUMENTATION_COMMENTS = YES;
				CLANG_WARN_EMPTY_BODY = YES;
				CLANG_WARN_ENUM_CONVERSION = YES;
				CLANG_WARN_INFINITE_RECURSION = YES;
				CLANG_WARN_INT_CONVERSION = YES;
				CLANG_WARN_NON_LITERAL_NULL_CONVERSION = YES;
				CLANG_WARN_OBJC_IMPLICIT_RETAIN_SELF = YES;
				CLANG_WARN_OBJC_LITERAL_CONVERSION = YES;
				CLANG_WARN_OBJC_ROOT_CLASS = YES_ERROR;
				CLANG_WARN_QUOTED_INCLUDE_IN_FRAMEWORK_HEADER = YES;
				CLANG_WARN_RANGE_LOOP_ANALYSIS = YES;
				CLANG_WARN_STRICT_PROTOTYPES = YES;
				CLANG_WARN_SUSPICIOUS_MOVE = YES;
				CLANG_WARN_UNGUARDED_AVAILABILITY = YES_AGGRESSIVE;
				CLANG_WARN_UNREACHABLE_CODE = YES;
				CLANG_WARN__DUPLICATE_METHOD_MATCH = YES;
				COPY_PHASE_STRIP = NO;
				DEBUG_INFORMATION_FORMAT = dwarf;
				ENABLE_STRICT_OBJC_MSGSEND = YES;
				ENABLE_TESTABILITY = YES;
				ENABLE_USER_SCRIPT_SANDBOXING = YES;
				GCC_C_LANGUAGE_STANDARD = gnu17;
				GCC_DYNAMIC_NO_PIC = NO;
				GCC_NO_COMMON_BLOCKS = YES;
				GCC_OPTIMIZATION_LEVEL = 0;
				GCC_PREPROCESSOR_DEFINITIONS = (
					"DEBUG=1",
					"$(inherited)",
				);
				GCC_WARN_64_TO_32_BIT_CONVERSION = YES;
				GCC_WARN_ABOUT_RETURN_TYPE = YES_ERROR;
				GCC_WARN_UNDECLARED_SELECTOR = YES;
				GCC_WARN_UNINITIALIZED_AUTOS = YES_AGGRESSIVE;
				GCC_WARN_UNUSED_FUNCTION = YES;
				GCC_WARN_UNUSED_VARIABLE = YES;
				IPHONEOS_DEPLOYMENT_TARGET = 18.5;
				LOCALIZATION_PREFERS_STRING_CATALOGS = YES;
				MTL_ENABLE_DEBUG_INFO = INCLUDE_SOURCE;
				MTL_FAST_MATH = YES;
				ONLY_ACTIVE_ARCH = YES;
				SDKROOT = iphoneos;
				SWIFT_ACTIVE_COMPILATION_CONDITIONS = "DEBUG $(inherited)";
				SWIFT_OPTIMIZATION_LEVEL = "-Onone";
			};
			name = Debug;
		};
		996BC1582F0DF07A00C4A68C /* Release */ = {
			isa = XCBuildConfiguration;
			buildSettings = {
				ALWAYS_SEARCH_USER_PATHS = NO;
				ASSETCATALOG_COMPILER_GENERATE_SWIFT_ASSET_SYMBOL_EXTENSIONS = YES;
				CLANG_ANALYZER_NONNULL = YES;
				CLANG_ANALYZER_NUMBER_OBJECT_CONVERSION = YES_AGGRESSIVE;
				CLANG_CXX_LANGUAGE_STANDARD = "gnu++20";
				CLANG_ENABLE_MODULES = YES;
				CLANG_ENABLE_OBJC_ARC = YES;
				CLANG_ENABLE_OBJC_WEAK = YES;
				CLANG_WARN_BLOCK_CAPTURE_AUTORELEASING = YES;
				CLANG_WARN_BOOL_CONVERSION = YES;
				CLANG_WARN_COMMA = YES;
				CLANG_WARN_CONSTANT_CONVERSION = YES;
				CLANG_WARN_DEPRECATED_OBJC_IMPLEMENTATIONS = YES;
				CLANG_WARN_DIRECT_OBJC_ISA_USAGE = YES_ERROR;
				CLANG_WARN_DOCUMENTATION_COMMENTS = YES;
				CLANG_WARN_EMPTY_BODY = YES;
				CLANG_WARN_ENUM_CONVERSION = YES;
				CLANG_WARN_INFINITE_RECURSION = YES;
				CLANG_WARN_INT_CONVERSION = YES;
				CLANG_WARN_NON_LITERAL_NULL_CONVERSION = YES;
				CLANG_WARN_OBJC_IMPLICIT_RETAIN_SELF = YES;
				CLANG_WARN_OBJC_LITERAL_CONVERSION = YES;
				CLANG_WARN_OBJC_ROOT_CLASS = YES_ERROR;
				CLANG_WARN_QUOTED_INCLUDE_IN_FRAMEWORK_HEADER = YES;
				CLANG_WARN_RANGE_LOOP_ANALYSIS = YES;
				CLANG_WARN_STRICT_PROTOTYPES = YES;
				CLANG_WARN_SUSPICIOUS_MOVE = YES;
				CLANG_WARN_UNGUARDED_AVAILABILITY = YES_AGGRESSIVE;
				CLANG_WARN_UNREACHABLE_CODE = YES;
				CLANG_WARN__DUPLICATE_METHOD_MATCH = YES;
				COPY_PHASE_STRIP = NO;
				DEBUG_INFORMATION_FORMAT = "dwarf-with-dsym";
				ENABLE_NS_ASSERTIONS = NO;
				ENABLE_STRICT_OBJC_MSGSEND = YES;
				ENABLE_USER_SCRIPT_SANDBOXING = YES;
				GCC_C_LANGUAGE_STANDARD = gnu17;
				GCC_NO_COMMON_BLOCKS = YES;
				GCC_WARN_64_TO_32_BIT_CONVERSION = YES;
				GCC_WARN_ABOUT_RETURN_TYPE = YES_ERROR;
				GCC_WARN_UNDECLARED_SELECTOR = YES;
				GCC_WARN_UNINITIALIZED_AUTOS = YES_AGGRESSIVE;
				GCC_WARN_UNUSED_FUNCTION = YES;
				GCC_WARN_UNUSED_VARIABLE = YES;
				IPHONEOS_DEPLOYMENT_TARGET = 18.5;
				LOCALIZATION_PREFERS_STRING_CATALOGS = YES;
				MTL_ENABLE_DEBUG_INFO = NO;
				MTL_FAST_MATH = YES;
				SDKROOT = iphoneos;
				SWIFT_COMPILATION_MODE = wholemodule;
				VALIDATE_PRODUCT = YES;
			};
			name = Release;
		};
		996BC15A2F0DF07A00C4A68C /* Debug */ = {
			isa = XCBuildConfiguration;
			buildSettings = {
				ASSETCATALOG_COMPILER_APPICON_NAME = AppIcon;
				ASSETCATALOG_COMPILER_GLOBAL_ACCENT_COLOR_NAME = AccentColor;
				CODE_SIGN_STYLE = Automatic;
				CURRENT_PROJECT_VERSION = 1;
				ENABLE_PREVIEWS = YES;
				GENERATE_INFOPLIST_FILE = YES;
				INFOPLIST_KEY_UIApplicationSceneManifest_Generation = YES;
				INFOPLIST_KEY_UIApplicationSupportsIndirectInputEvents = YES;
				INFOPLIST_KEY_UILaunchScreen_Generation = YES;
				INFOPLIST_KEY_UISupportedInterfaceOrientations_iPad = "UIInterfaceOrientationPortrait UIInterfaceOrientationPortraitUpsideDown UIInterfaceOrientationLandscapeLeft UIInterfaceOrientationLandscapeRight";
				INFOPLIST_KEY_UISupportedInterfaceOrientations_iPhone = "UIInterfaceOrientationPortrait UIInterfaceOrientationLandscapeLeft UIInterfaceOrientationLandscapeRight";
				LD_RUNPATH_SEARCH_PATHS = (
					"$(inherited)",
					"@executable_path/Frameworks",
				);
				MARKETING_VERSION = 1.0;
				PRODUCT_BUNDLE_IDENTIFIER = "-08.Flashcard-App-1";
				PRODUCT_NAME = "$(TARGET_NAME)";
				SWIFT_EMIT_LOC_STRINGS = YES;
				SWIFT_VERSION = 5.0;
				TARGETED_DEVICE_FAMILY = "1,2";
			};
			name = Debug;
		};
		996BC15B2F0DF07A00C4A68C /* Release */ = {
			isa = XCBuildConfiguration;
			buildSettings = {
				ASSETCATALOG_COMPILER_APPICON_NAME = AppIcon;
				ASSETCATALOG_COMPILER_GLOBAL_ACCENT_COLOR_NAME = AccentColor;
				CODE_SIGN_STYLE = Automatic;
				CURRENT_PROJECT_VERSION = 1;
				ENABLE_PREVIEWS = YES;
				GENERATE_INFOPLIST_FILE = YES;
				INFOPLIST_KEY_UIApplicationSceneManifest_Generation = YES;
				INFOPLIST_KEY_UIApplicationSupportsIndirectInputEvents = YES;
				INFOPLIST_KEY_UILaunchScreen_Generation = YES;
				INFOPLIST_KEY_UISupportedInterfaceOrientations_iPad = "UIInterfaceOrientationPortrait UIInterfaceOrientationPortraitUpsideDown UIInterfaceOrientationLandscapeLeft UIInterfaceOrientationLandscapeRight";
				INFOPLIST_KEY_UISupportedInterfaceOrientations_iPhone = "UIInterfaceOrientationPortrait UIInterfaceOrientationLandscapeLeft UIInterfaceOrientationLandscapeRight";
				LD_RUNPATH_SEARCH_PATHS = (
					"$(inherited)",
					"@executable_path/Frameworks",
				);
				MARKETING_VERSION = 1.0;
				PRODUCT_BUNDLE_IDENTIFIER = "-08.Flashcard-App-1";
				PRODUCT_NAME = "$(TARGET_NAME)";
				SWIFT_EMIT_LOC_STRINGS = YES;
				SWIFT_VERSION = 5.0;
				TARGETED_DEVICE_FAMILY = "1,2";
			};
			name = Release;
		};
		996BC15D2F0DF07A00C4A68C /* Debug */ = {
			isa = XCBuildConfiguration;
			buildSettings = {
				BUNDLE_LOADER = "$(TEST_HOST)";
				CODE_SIGN_STYLE = Automatic;
				CURRENT_PROJECT_VERSION = 1;
				GENERATE_INFOPLIST_FILE = YES;
				IPHONEOS_DEPLOYMENT_TARGET = 18.5;
				MARKETING_VERSION = 1.0;
				PRODUCT_BUNDLE_IDENTIFIER = "-08.Flashcard-App-1Tests";
				PRODUCT_NAME = "$(TARGET_NAME)";
				SWIFT_EMIT_LOC_STRINGS = NO;
				SWIFT_VERSION = 5.0;
				TARGETED_DEVICE_FAMILY = "1,2";
				TEST_HOST = "$(BUILT_PRODUCTS_DIR)/Flashcard App 1.app/$(BUNDLE_EXECUTABLE_FOLDER_PATH)/Flashcard App 1";
			};
			name = Debug;
		};
		996BC15E2F0DF07A00C4A68C /* Release */ = {
			isa = XCBuildConfiguration;
			buildSettings = {
				BUNDLE_LOADER = "$(TEST_HOST)";
				CODE_SIGN_STYLE = Automatic;
				CURRENT_PROJECT_VERSION = 1;
				GENERATE_INFOPLIST_FILE = YES;
				IPHONEOS_DEPLOYMENT_TARGET = 18.5;
				MARKETING_VERSION = 1.0;
				PRODUCT_BUNDLE_IDENTIFIER = "-08.Flashcard-App-1Tests";
				PRODUCT_NAME = "$(TARGET_NAME)";
				SWIFT_EMIT_LOC_STRINGS = NO;
				SWIFT_VERSION = 5.0;
				TARGETED_DEVICE_FAMILY = "1,2";
				TEST_HOST = "$(BUILT_PRODUCTS_DIR)/Flashcard App 1.app/$(BUNDLE_EXECUTABLE_FOLDER_PATH)/Flashcard App 1";
			};
			name = Release;
		};
		996BC1602F0DF07A00C4A68C /* Debug */ = {
			isa = XCBuildConfiguration;
			buildSettings = {
				CODE_SIGN_STYLE = Automatic;
				CURRENT_PROJECT_VERSION = 1;
				GENERATE_INFOPLIST_FILE = YES;
				MARKETING_VERSION = 1.0;
				PRODUCT_BUNDLE_IDENTIFIER = "-08.Flashcard-App-1UITests";
				PRODUCT_NAME = "$(TARGET_NAME)";
				SWIFT_EMIT_LOC_STRINGS = NO;
				SWIFT_VERSION = 5.0;
				TARGETED_DEVICE_FAMILY = "1,2";
				TEST_TARGET_NAME = "Flashcard App 1";
			};
			name = Debug;
		};
		996BC1612F0DF07A00C4A68C /* Release */ = {
			isa = XCBuildConfiguration;
			buildSettings = {
				CODE_SIGN_STYLE = Automatic;
				CURRENT_PROJECT_VERSION = 1;
				GENERATE_INFOPLIST_FILE = YES;
				MARKETING_VERSION = 1.0;
				PRODUCT_BUNDLE_IDENTIFIER = "-08.Flashcard-App-1UITests";
				PRODUCT_NAME = "$(TARGET_NAME)";
				SWIFT_EMIT_LOC_STRINGS = NO;
				SWIFT_VERSION = 5.0;
				TARGETED_DEVICE_FAMILY = "1,2";
				TEST_TARGET_NAME = "Flashcard App 1";
			};
			name = Release;
		};
/* End XCBuildConfiguration section */

/* Begin XCConfigurationList section */
		996BC1332F0DF07900C4A68C /* Build configuration list for PBXProject "Flashcard App 1" */ = {
			isa = XCConfigurationList;
			buildConfigurations = (
				996BC1572F0DF07A00C4A68C /* Debug */,
				996BC1582F0DF07A00C4A68C /* Release */,
			);
			defaultConfigurationIsVisible = 0;
			defaultConfigurationName = Release;
		};
		996BC1592F0DF07A00C4A68C /* Build configuration list for PBXNativeTarget "Flashcard App 1" */ = {
			isa = XCConfigurationList;
			buildConfigurations = (
				996BC15A2F0DF07A00C4A68C /* Debug */,
				996BC15B2F0DF07A00C4A68C /* Release */,
			);
			defaultConfigurationIsVisible = 0;
			defaultConfigurationName = Release;
		};
		996BC15C2F0DF07A00C4A68C /* Build configuration list for PBXNativeTarget "Flashcard App 1Tests" */ = {
			isa = XCConfigurationList;
			buildConfigurations = (
				996BC15D2F0DF07A00C4A68C /* Debug */,
				996BC15E2F0DF07A00C4A68C /* Release */,
			);
			defaultConfigurationIsVisible = 0;
			defaultConfigurationName = Release;
		};
		996BC15F2F0DF07A00C4A68C /* Build configuration list for PBXNativeTarget "Flashcard App 1UITests" */ = {
			isa = XCConfigurationList;
			buildConfigurations = (
				996BC1602F0DF07A00C4A68C /* Debug */,
				996BC1612F0DF07A00C4A68C /* Release */,
			);
			defaultConfigurationIsVisible = 0;
			defaultConfigurationName = Release;
		};
/* End XCConfigurationList section */
	};
	rootObject = 996BC1302F0DF07900C4A68C /* Project object */;
}
